{
  "name": "my_blog",
  "requires": true,
  "lockfileVersion": 1,
  "dependencies": {
    "bulma": {
      "version": "0.8.0",
      "resolved": "https://registry.npmjs.org/bulma/-/bulma-0.8.0.tgz",
      "integrity": "sha512-nhf3rGyiZh/VM7FrSJ/5KeLlfaFkXz0nYcXriynfPH4vVpnxnqyEwaNGdNCVzHyyCA3cHgkQAMpdF/SFbFGZfA=="
    },
    "bulma-helpers": {
      "version": "0.3.10",
      "resolved": "https://registry.npmjs.org/bulma-helpers/-/bulma-helpers-0.3.10.tgz",
      "integrity": "sha512-dgJB8LreVzAHJfcbYUUONA0oo/cdWxhFt1b/DlmTLaukYTjkdM5GP9A7DRyssjuRhcozIqzTm//BLLR313Xw3Q=="
    }
  }
}
